github.com/go-composites/array v0.0.0-20260621062820-1aa11b71d5d6 h1:gJG8ekSggliP8pmp4R+VCqq2nGq5BLiyEoO0BHDOYl4=
github.com/go-composites/array v0.0.0-20260621062820-1aa11b71d5d6/go.mod h1:hhWmL0cQYEqlwbktG0uhz17sTRDcq1Gtgs1FO9aI+gU=
github.com/go-composites/array v0.0.0-20260830112540-7b7f5d22d43d h1:VAvys6pttQ3zd4kA/yzmvgQl8qXSc/R3t6+ruVjVxRk=
github.com/go-composites/array v0.0.0-20260830112540-7b7f5d22d43d/go.mod h1:0tt231aqBTdPYWPOU8sfAxcqpJBP5UNcXjrTCHuJfnM=
github.com/go-composites/error v0.0.0-20260621061850-8f949885a586 h1:gA6h4DA7NSiDoqwYDMUlQ2LO/dWx3VBq41nHIMQJskI=
github.com/go-composites/error v0.0.0-20260621061850-8f949885a586/go.mod h1:9Lf1BQDdG/DDzw+WaWctBOzk69PTLjREAiPcKfSUilU=
github.com/go-composites/error v0.0.0-20260830075421-e9e68493eded h1:lVkmXqI0GyJ7qfCXL9RptTb9HhCIh+2dsXoQ6N2N8BE=
github.com/go-composites/error v0.0.0-20260830075421-e9e68493eded/go.mod h1:8/Ur4dmauQ+KrNkBsrvu8fiWnkcMJO5ybJksQL9Auf8=
github.com/go-composites/null v0.0.0-20260621061849-c8074799d5aa h1:C7LXruttK94qEUNp4HV5Cqcxt+kp5NXSB0nxKVa0N+c=
github.com/go-composites/null v0.0.0-20260621061849-c8074799d5aa/go.mod h1:6cSkTkpvobmk2/FSOCRu928lYmWCp87HyCSffyQFhVk=
github.com/go-composites/result v0.0.0-20260621061851-32adc2fb3ac2 h1:viW4pFFcVIZI7r/2I5LzjrHti/w4yaj4YbD8CdfrOHg=
github.com/go-composites/result v0.0.0-20260621061851-32adc2fb3ac2/go.mod h1:gvGXTgh97uhqQjR16Te5aGr/Y4g1xQXDHc2nNYEj8/Y=
github.com/go-composites/result v0.0.0-20260830075423-4c0f0e8854cc h1:sLc9uhHzXlP39tvKybmHKtof9kQyNWz8MAG5ZxA/r3Y=
github.com/go-composites/result v0.0.0-20260830075423-4c0f0e8854cc/go.mod h1:U8jOcQwbbSwQ3E5geccvv0lkwNv89piHYG/Jj1w18JQ=
github.com/go-logr/logr v1.4.1 h1:pKouT5E8xu9zeFC39JXRDukb6JFQPXM5p5I91188VAQ=
github.com/go-logr/logr v1.4.1/go.mod h1:9T104GzyrTigFIr8wt5mBrctHMim0Nb2HLGrmQ40KvY=
github.com/go-task/slim-sprig/v3 v3.0.0 h1:sUs3vkvUymDpBKi3qH1YSqBQk9+9D/8M2mN1vB6EwHI=
github.com/go-task/slim-sprig/v3 v3.0.0/go.mod h1:W848ghGpv3Qj3dhTPRyJypKRiqCdHZiAzKg9hl15HA8=
github.com/google/go-cmp v0.6.0 h1:ofyhxvXcZhMsU5ulbFiLKl/XBFqE1GSq7atu8tAmTRI=
github.com/google/go-cmp v0.6.0/go.mod h1:17dUlkBOakJ0+DkrSSNjCkIjxS6bF9zb3elmeNGIjoY=
github.com/google/pprof v0.0.0-20240424215950-a892ee059fd6 h1:k7nVchz72niMH6YLQNvHSdIE7iqsQxK1P41mySCvssg=
github.com/google/pprof v0.0.0-20240424215950-a892ee059fd6/go.mod h1:kf6iHlnVGwgKolg33glAes7Yg/8iWP8ukqeldJSO7jw=
github.com/onsi/ginkgo/v2 v2.19.0 h1:9Cnnf7UHo57Hy3k6/m5k3dRfGTMXGvxhHFvkDTCTpvA=
github.com/onsi/ginkgo/v2 v2.19.0/go.mod h1:rlwLi9PilAFJ8jCg9UE1QP6VBpd6/xj3SRC0d6TU0To=
github.com/onsi/gomega v1.33.1 h1:dsYjIxxSR755MDmKVsaFQTE22ChNBcuuTWgkUDSubOk=
github.com/onsi/gomega v1.33.1/go.mod h1:U4R44UsT+9eLIaYRB2a5qajjtQYn0hauxvRm16AVYg0=
golang.org/x/net v0.56.0 h1:Rw8j/hFzGvJUZwNBXnAtf5sVDVt+65SK2C7IxCxZt5o=
golang.org/x/net v0.56.0/go.mod h1:D3Ku6r+V6JROoZK144D2XfMHFcMq/0zSfLelVTCFKec=
golang.org/x/sys v0.46.0 h1:noSf2Fq6F8DBgS+LysIkx7rIExoNHJsxOAtPp4rthXw=
golang.org/x/sys v0.46.0/go.mod h1:4GL1E5IUh+htKOUEOaiffhrAeqysfVGipDYzABqnCmw=
golang.org/x/text v0.38.0 h1:sXmwo9DwP3OK9EZ7PqAdaooSGozfl/3a6/xJcbzPRhE=
golang.org/x/text v0.38.0/go.mod h1:YXZt3QhHUKYT53r2lLKFIVi6Ao1jdzrTR/KQ09qyxF4=
golang.org/x/tools v0.46.0 h1:7jTurBkPZu4moS/Uy4OQT1M+QBlsj3wejyZwsT8Z7rk=
golang.org/x/tools v0.46.0/go.mod h1:FrD85F8l+NWL+9XWBSyVSHO6Ne4jutsfIFba7AWQ5Ys=
gopkg.in/yaml.v3 v3.0.1 h1:fxVm/GzAzEWqLHuvctI91KS9hhNmmWOoWu0XTYJS7CA=
gopkg.in/yaml.v3 v3.0.1/go.mod h1:K4uyk7z7BCEPqu6E+C64Yfv1cQ7kz7rIZviUmN+EgEM=
